
Microsoft Visual Studio Solution File, Format Version 12.00
# Visual Studio Version 17
VisualStudioVersion = 17.3.32929.385
MinimumVisualStudioVersion = 10.0.40219.1
Project("{FAE04EC0-301F-11D3-BF4B-00C04F79EFBC}") = "POC_Constrol", "POC_Constrol\POC_Constrol.csproj", "{A441BFF5-0EA6-4929-AC9D-3B71E228E412}"
EndProject
Global
	GlobalSection(SolutionConfigurationPlatforms) = preSolution
		Debug|Any CPU = Debug|Any CPU
		Release|Any CPU = Release|Any CPU
	EndGlobalSection
	GlobalSection(ProjectConfigurationPlatforms) = postSolution
		{A441BFF5-0EA6-4929-AC9D-3B71E228E412}.Debug|Any CPU.ActiveCfg = Debug|Any CPU
		{A441BFF5-0EA6-4929-AC9D-3B71E228E412}.Debug|Any CPU.Build.0 = Debug|Any CPU
		{A441BFF5-0EA6-4929-AC9D-3B71E228E412}.Release|Any CPU.ActiveCfg = Release|Any CPU
		{A441BFF5-0EA6-4929-AC9D-3B71E228E412}.Release|Any CPU.Build.0 = Release|Any CPU
	EndGlobalSection
	GlobalSection(SolutionProperties) = preSolution
		HideSolutionNode = FALSE
	EndGlobalSection
	GlobalSection(ExtensibilityGlobals) = postSolution
		SolutionGuid = {F61A73AF-F8AD-428D-81A0-AAE5A69DD20A}
	EndGlobalSection
EndGlobal
